version: 6
environments:
  default:
    channels:
    - url: https://conda.anaconda.org/conda-forge/
    packages:
      linux-64:
      - conda: https://conda.anaconda.org/conda-forge/linux-64/_libgcc_mutex-0.1-conda_forge.tar.bz2
      - conda: https://conda.anaconda.org/conda-forge/linux-64/_openmp_mutex-4.5-2_gnu.tar.bz2
      - conda: https://conda.anaconda.org/conda-forge/linux-64/attr-2.5.1-h166bdaf_1.tar.bz2
      - conda: https://conda.anaconda.org/conda-forge/noarch/ca-certificates-2025.8.3-hbd8a1cb_0.conda
      - conda: https://conda.anaconda.org/conda-forge/linux-64/ld_impl_linux-64-2.44-h1423503_1.conda
      - conda: https://conda.anaconda.org/conda-forge/linux-64/libcap-2.75-h39aace5_0.conda
      - conda: https://conda.anaconda.org/conda-forge/linux-64/libffi-3.4.6-h2dba641_1.conda
      - conda: https://conda.anaconda.org/conda-forge/linux-64/libgcc-15.1.0-h767d61c_4.conda
      - conda: https://conda.anaconda.org/conda-forge/linux-64/libgcc-ng-15.1.0-h69a702a_4.conda
      - conda: https://conda.anaconda.org/conda-forge/linux-64/libgomp-15.1.0-h767d61c_4.conda
      - conda: https://conda.anaconda.org/conda-forge/linux-64/liblzma-5.8.1-hb9d3cd8_2.conda
      - conda: https://conda.anaconda.org/conda-forge/linux-64/liblzma-devel-5.8.1-hb9d3cd8_2.conda
      - conda: https://conda.anaconda.org/conda-forge/linux-64/libnsl-2.0.1-hb9d3cd8_1.conda
      - conda: https://conda.anaconda.org/conda-forge/linux-64/libsmu-1.0.3-py36hf6ebd5d_1.tar.bz2
      - conda: https://conda.anaconda.org/conda-forge/linux-64/libsqlite-3.50.4-h0c1763c_0.conda
      - conda: https://conda.anaconda.org/conda-forge/linux-64/libstdcxx-15.1.0-h8f9b012_4.conda
      - conda: https://conda.anaconda.org/conda-forge/linux-64/libstdcxx-ng-15.1.0-h4852527_4.conda
      - conda: https://conda.anaconda.org/conda-forge/linux-64/libudev1-257.7-hbe16f8c_0.conda
      - conda: https://conda.anaconda.org/conda-forge/linux-64/libusb-1.0.29-h73b1eb8_0.conda
      - conda: https://conda.anaconda.org/conda-forge/linux-64/libzlib-1.3.1-hb9d3cd8_2.conda
      - conda: https://conda.anaconda.org/conda-forge/linux-64/ncurses-6.5-h2d0b736_3.conda
      - conda: https://conda.anaconda.org/conda-forge/linux-64/openssl-1.1.1w-hd590300_0.conda
      - conda: https://conda.anaconda.org/conda-forge/linux-64/python-3.6.15-hb7a2778_0_cpython.tar.bz2
      - conda: https://conda.anaconda.org/conda-forge/linux-64/python_abi-3.6-2_cp36m.tar.bz2
      - conda: https://conda.anaconda.org/conda-forge/linux-64/readline-8.2-h8c095d6_2.conda
      - conda: https://conda.anaconda.org/conda-forge/linux-64/sqlite-3.50.4-hbc0de68_0.conda
      - conda: https://conda.anaconda.org/conda-forge/linux-64/tk-8.6.13-noxft_hd72426e_102.conda
      - conda: https://conda.anaconda.org/conda-forge/linux-64/xz-5.8.1-hbcc6ac9_2.conda
      - conda: https://conda.anaconda.org/conda-forge/linux-64/xz-gpl-tools-5.8.1-hbcc6ac9_2.conda
      - conda: https://conda.anaconda.org/conda-forge/linux-64/xz-tools-5.8.1-hb9d3cd8_2.conda
      osx-64:
      - conda: https://conda.anaconda.org/conda-forge/noarch/ca-certificates-2025.8.3-hbd8a1cb_0.conda
      - conda: https://conda.anaconda.org/conda-forge/osx-64/libcxx-20.1.8-h3d58e20_1.conda
      - conda: https://conda.anaconda.org/conda-forge/osx-64/libffi-3.4.6-h281671d_1.conda
      - conda: https://conda.anaconda.org/conda-forge/osx-64/liblzma-5.8.1-hd471939_2.conda
      - conda: https://conda.anaconda.org/conda-forge/osx-64/liblzma-devel-5.8.1-hd471939_2.conda
      - conda: https://conda.anaconda.org/conda-forge/osx-64/libsmu-1.0.3-py36h7744d9d_2.tar.bz2
      - conda: https://conda.anaconda.org/conda-forge/osx-64/libsqlite-3.50.4-h39a8b3b_0.conda
      - conda: https://conda.anaconda.org/conda-forge/osx-64/libusb-1.0.29-h2287256_0.conda
      - conda: https://conda.anaconda.org/conda-forge/osx-64/libzlib-1.3.1-hd23fc13_2.conda
      - conda: https://conda.anaconda.org/conda-forge/osx-64/ncurses-6.5-h0622a9a_3.conda
      - conda: https://conda.anaconda.org/conda-forge/osx-64/openssl-1.1.1w-h8a1eda9_0.conda
      - conda: https://conda.anaconda.org/conda-forge/osx-64/python-3.6.15-haf480d7_0_cpython.tar.bz2
      - conda: https://conda.anaconda.org/conda-forge/osx-64/python_abi-3.6-2_cp36m.tar.bz2
      - conda: https://conda.anaconda.org/conda-forge/osx-64/readline-8.2-h7cca4af_2.conda
      - conda: https://conda.anaconda.org/conda-forge/osx-64/sqlite-3.50.4-h64b5abc_0.conda
      - conda: https://conda.anaconda.org/conda-forge/osx-64/tk-8.6.13-hf689a15_2.conda
      - conda: https://conda.anaconda.org/conda-forge/osx-64/xz-5.8.1-h357f2ed_2.conda
      - conda: https://conda.anaconda.org/conda-forge/osx-64/xz-gpl-tools-5.8.1-h357f2ed_2.conda
      - conda: https://conda.anaconda.org/conda-forge/osx-64/xz-tools-5.8.1-hd471939_2.conda
      win-64:
      - conda: https://conda.anaconda.org/conda-forge/win-64/libsmu-1.0.3-py36hb1a5f53_2.tar.bz2
      - conda: https://conda.anaconda.org/conda-forge/win-64/libusb-1.0.29-h1839187_0.conda
      - conda: https://conda.anaconda.org/conda-forge/win-64/python-3.6.15-h39d44d4_0_cpython.tar.bz2
      - conda: https://conda.anaconda.org/conda-forge/win-64/python_abi-3.6-2_cp36m.tar.bz2
      - conda: https://conda.anaconda.org/conda-forge/win-64/ucrt-10.0.22621.0-h57928b3_1.conda
      - conda: https://conda.anaconda.org/conda-forge/win-64/vc-14.3-h41ae7f8_31.conda
      - conda: https://conda.anaconda.org/conda-forge/win-64/vc14_runtime-14.44.35208-h818238b_31.conda
      - conda: https://conda.anaconda.org/conda-forge/win-64/vcomp14-14.44.35208-h818238b_31.conda
      - conda: https://conda.anaconda.org/conda-forge/win-64/vs2015_runtime-14.44.35208-h38c0c73_31.conda
packages:
- conda: https://conda.anaconda.org/conda-forge/linux-64/_libgcc_mutex-0.1-conda_forge.tar.bz2
  sha256: fe51de6107f9edc7aa4f786a70f4a883943bc9d39b3bb7307c04c41410990726
  md5: d7c89558ba9fa0495403155b64376d81
  license: None
  size: 2562
  timestamp: 1578324546067
- conda: https://conda.anaconda.org/conda-forge/linux-64/_openmp_mutex-4.5-2_gnu.tar.bz2
  build_number: 16
  sha256: fbe2c5e56a653bebb982eda4876a9178aedfc2b545f25d0ce9c4c0b508253d22
  md5: 73aaf86a425cc6e73fcf236a5a46396d
  depends:
  - _libgcc_mutex 0.1 conda_forge
  - libgomp >=7.5.0
  constrains:
  - openmp_impl 9999
  license: BSD-3-Clause
  license_family: BSD
  size: 23621
  timestamp: 1650670423406
- conda: https://conda.anaconda.org/conda-forge/linux-64/attr-2.5.1-h166bdaf_1.tar.bz2
  sha256: 82c13b1772c21fc4a17441734de471d3aabf82b61db9b11f4a1bd04a9c4ac324
  md5: d9c69a24ad678ffce24c6543a0176b00
  depends:
  - libgcc-ng >=12
  license: GPL-2.0-or-later
  license_family: GPL
  size: 71042
  timestamp: 1660065501192
- conda: https://conda.anaconda.org/conda-forge/noarch/ca-certificates-2025.8.3-hbd8a1cb_0.conda
  sha256: 837b795a2bb39b75694ba910c13c15fa4998d4bb2a622c214a6a5174b2ae53d1
  md5: 74784ee3d225fc3dca89edb635b4e5cc
  depends:
  - __unix
  license: ISC
  size: 154402
  timestamp: 1754210968730
- conda: https://conda.anaconda.org/conda-forge/linux-64/ld_impl_linux-64-2.44-h1423503_1.conda
  sha256: 1a620f27d79217c1295049ba214c2f80372062fd251b569e9873d4a953d27554
  md5: 0be7c6e070c19105f966d3758448d018
  depends:
  - __glibc >=2.17,<3.0.a0
  constrains:
  - binutils_impl_linux-64 2.44
  license: GPL-3.0-only
  license_family: GPL
  size: 676044
  timestamp: 1752032747103
- conda: https://conda.anaconda.org/conda-forge/linux-64/libcap-2.75-h39aace5_0.conda
  sha256: 9c84448305e7c9cc44ccec7757cf5afcb5a021f4579aa750a1fa6ea398783950
  md5: c44c16d6976d2aebbd65894d7741e67e
  depends:
  - __glibc >=2.17,<3.0.a0
  - attr >=2.5.1,<2.6.0a0
  - libgcc >=13
  license: BSD-3-Clause
  license_family: BSD
  size: 120375
  timestamp: 1741176638215
- conda: https://conda.anaconda.org/conda-forge/osx-64/libcxx-20.1.8-h3d58e20_1.conda
  sha256: 9643d6c5a94499cddb5ae1bccc4f78aef8cfd77bcf6b37ad325bc7232a8a870f
  md5: d2db320b940047515f7a27f870984fe7
  depends:
  - __osx >=10.13
  license: Apache-2.0 WITH LLVM-exception
  license_family: Apache
  size: 564830
  timestamp: 1752814841086
- conda: https://conda.anaconda.org/conda-forge/linux-64/libffi-3.4.6-h2dba641_1.conda
  sha256: 764432d32db45466e87f10621db5b74363a9f847d2b8b1f9743746cd160f06ab
  md5: ede4673863426c0883c0063d853bbd85
  depends:
  - __glibc >=2.17,<3.0.a0
  - libgcc >=13
  license: MIT
  license_family: MIT
  size: 57433
  timestamp: 1743434498161
- conda: https://conda.anaconda.org/conda-forge/osx-64/libffi-3.4.6-h281671d_1.conda
  sha256: 6394b1bc67c64a21a5cc73d1736d1d4193a64515152e861785c44d2cfc49edf3
  md5: 4ca9ea59839a9ca8df84170fab4ceb41
  depends:
  - __osx >=10.13
  license: MIT
  license_family: MIT
  size: 51216
  timestamp: 1743434595269
- conda: https://conda.anaconda.org/conda-forge/linux-64/libgcc-15.1.0-h767d61c_4.conda
  sha256: 144e35c1c2840f2dc202f6915fc41879c19eddbb8fa524e3ca4aa0d14018b26f
  md5: f406dcbb2e7bef90d793e50e79a2882b
  depends:
  - __glibc >=2.17,<3.0.a0
  - _openmp_mutex >=4.5
  constrains:
  - libgcc-ng ==15.1.0=*_4
  - libgomp 15.1.0 h767d61c_4
  license: GPL-3.0-only WITH GCC-exception-3.1
  license_family: GPL
  size: 824153
  timestamp: 1753903866511
- conda: https://conda.anaconda.org/conda-forge/linux-64/libgcc-ng-15.1.0-h69a702a_4.conda
  sha256: 76ceac93ed98f208363d6e9c75011b0ff7b97b20f003f06461a619557e726637
  md5: 28771437ffcd9f3417c66012dc49a3be
  depends:
  - libgcc 15.1.0 h767d61c_4
  license: GPL-3.0-only WITH GCC-exception-3.1
  license_family: GPL
  size: 29249
  timestamp: 1753903872571
- conda: https://conda.anaconda.org/conda-forge/linux-64/libgomp-15.1.0-h767d61c_4.conda
  sha256: e0487a8fec78802ac04da0ac1139c3510992bc58a58cde66619dde3b363c2933
  md5: 3baf8976c96134738bba224e9ef6b1e5
  depends:
  - __glibc >=2.17,<3.0.a0
  license: GPL-3.0-only WITH GCC-exception-3.1
  license_family: GPL
  size: 447289
  timestamp: 1753903801049
- conda: https://conda.anaconda.org/conda-forge/linux-64/liblzma-5.8.1-hb9d3cd8_2.conda
  sha256: f2591c0069447bbe28d4d696b7fcb0c5bd0b4ac582769b89addbcf26fb3430d8
  md5: 1a580f7796c7bf6393fddb8bbbde58dc
  depends:
  - __glibc >=2.17,<3.0.a0
  - libgcc >=13
  constrains:
  - xz 5.8.1.*
  license: 0BSD
  size: 112894
  timestamp: 1749230047870
- conda: https://conda.anaconda.org/conda-forge/osx-64/liblzma-5.8.1-hd471939_2.conda
  sha256: 7e22fd1bdb8bf4c2be93de2d4e718db5c548aa082af47a7430eb23192de6bb36
  md5: 8468beea04b9065b9807fc8b9cdc5894
  depends:
  - __osx >=10.13
  constrains:
  - xz 5.8.1.*
  license: 0BSD
  size: 104826
  timestamp: 1749230155443
- conda: https://conda.anaconda.org/conda-forge/linux-64/liblzma-devel-5.8.1-hb9d3cd8_2.conda
  sha256: 329e66330a8f9cbb6a8d5995005478188eb4ba8a6b6391affa849744f4968492
  md5: f61edadbb301530bd65a32646bd81552
  depends:
  - __glibc >=2.17,<3.0.a0
  - libgcc >=13
  - liblzma 5.8.1 hb9d3cd8_2
  license: 0BSD
  size: 439868
  timestamp: 1749230061968
- conda: https://conda.anaconda.org/conda-forge/osx-64/liblzma-devel-5.8.1-hd471939_2.conda
  sha256: a020ad9f1e27d4f7a522cbbb9613b99f64a5cc41f80caf62b9fdd1cf818acf18
  md5: 2e16f5b4f6c92b96f6a346f98adc4e3e
  depends:
  - __osx >=10.13
  - liblzma 5.8.1 hd471939_2
  license: 0BSD
  size: 116356
  timestamp: 1749230171181
- conda: https://conda.anaconda.org/conda-forge/linux-64/libnsl-2.0.1-hb9d3cd8_1.conda
  sha256: 927fe72b054277cde6cb82597d0fcf6baf127dcbce2e0a9d8925a68f1265eef5
  md5: d864d34357c3b65a4b731f78c0801dc4
  depends:
  - __glibc >=2.17,<3.0.a0
  - libgcc >=13
  license: LGPL-2.1-only
  license_family: GPL
  size: 33731
  timestamp: 1750274110928
- conda: https://conda.anaconda.org/conda-forge/linux-64/libsmu-1.0.3-py36hf6ebd5d_1.tar.bz2
  sha256: 60b3a5a6a60bd8e981f3d1abea3013eac5eb3967bb6522ff1f4e1ed53a32343f
  md5: e39b8baf1b9b387a32effab136ed1ccb
  depends:
  - _openmp_mutex >=4.5
  - libgcc-ng >=7.5.0
  - libstdcxx-ng >=7.5.0
  - libusb >=1.0.23,<2.0a0
  - python >=3.6,<3.7.0a0
  - python_abi 3.6.* *_cp36m
  license: BSD-3-Clause
  license_family: BSD
  size: 214758
  timestamp: 1602586689631
- conda: https://conda.anaconda.org/conda-forge/osx-64/libsmu-1.0.3-py36h7744d9d_2.tar.bz2
  sha256: 2d7f1cb7335cb48241d0268a76dd50bb5ef61c32c625f81bf76c49bf8d70ed02
  md5: 87772477d51b70d47b32b8735f218167
  depends:
  - libcxx >=10.0.1
  - libusb >=1.0.24,<2.0a0
  - python >=3.6,<3.7.0a0
  - python_abi 3.6.* *_cp36m
  license: BSD-3-Clause
  license_family: BSD
  size: 187142
  timestamp: 1637344983414
- conda: https://conda.anaconda.org/conda-forge/win-64/libsmu-1.0.3-py36hb1a5f53_2.tar.bz2
  sha256: ae99a39e767560e0e65f4b915d2e874c7105d629ac33cac9f4843fc97bdf08f9
  md5: 6daebb153f9a646defe7907995d44c88
  depends:
  - libusb >=1.0.24,<2.0a0
  - python >=3.6,<3.7.0a0
  - python_abi 3.6.* *_cp36m
  - vc >=14.1,<15.0a0
  - vs2015_runtime >=14.16.27012
  license: BSD-3-Clause
  license_family: BSD
  size: 365456
  timestamp: 1637345388267
- conda: https://conda.anaconda.org/conda-forge/linux-64/libsqlite-3.50.4-h0c1763c_0.conda
  sha256: 6d9c32fc369af5a84875725f7ddfbfc2ace795c28f246dc70055a79f9b2003da
  md5: 0b367fad34931cb79e0d6b7e5c06bb1c
  depends:
  - __glibc >=2.17,<3.0.a0
  - libgcc >=14
  - libzlib >=1.3.1,<2.0a0
  license: blessing
  size: 932581
  timestamp: 1753948484112
- conda: https://conda.anaconda.org/conda-forge/osx-64/libsqlite-3.50.4-h39a8b3b_0.conda
  sha256: 466366b094c3eb4b1d77320530cbf5400e7a10ab33e4824c200147488eebf7a6
  md5: 156bfb239b6a67ab4a01110e6718cbc4
  depends:
  - __osx >=10.13
  - libzlib >=1.3.1,<2.0a0
  license: blessing
  size: 980121
  timestamp: 1753948554003
- conda: https://conda.anaconda.org/conda-forge/linux-64/libstdcxx-15.1.0-h8f9b012_4.conda
  sha256: b5b239e5fca53ff90669af1686c86282c970dd8204ebf477cf679872eb6d48ac
  md5: 3c376af8888c386b9d3d1c2701e2f3ab
  depends:
  - __glibc >=2.17,<3.0.a0
  - libgcc 15.1.0 h767d61c_4
  license: GPL-3.0-only WITH GCC-exception-3.1
  license_family: GPL
  size: 3903453
  timestamp: 1753903894186
- conda: https://conda.anaconda.org/conda-forge/linux-64/libstdcxx-ng-15.1.0-h4852527_4.conda
  sha256: 81c841c1cf4c0d06414aaa38a249f9fdd390554943065c3a0b18a9fb7e8cc495
  md5: 2d34729cbc1da0ec988e57b13b712067
  depends:
  - libstdcxx 15.1.0 h8f9b012_4
  license: GPL-3.0-only WITH GCC-exception-3.1
  license_family: GPL
  size: 29317
  timestamp: 1753903924491
- conda: https://conda.anaconda.org/conda-forge/linux-64/libudev1-257.7-hbe16f8c_0.conda
  sha256: 3fca2655f4cf2ce6b618a2b52e3dce92f27f429732b88080567d5bbeea404c82
  md5: 5a23e52bd654a5297bd3e247eebab5a3
  depends:
  - __glibc >=2.17,<3.0.a0
  - libcap >=2.75,<2.76.0a0
  - libgcc >=13
  license: LGPL-2.1-or-later
  size: 143533
  timestamp: 1750949902296
- conda: https://conda.anaconda.org/conda-forge/linux-64/libusb-1.0.29-h73b1eb8_0.conda
  sha256: 89c84f5b26028a9d0f5c4014330703e7dff73ba0c98f90103e9cef6b43a5323c
  md5: d17e3fb595a9f24fa9e149239a33475d
  depends:
  - __glibc >=2.17,<3.0.a0
  - libgcc >=13
  - libudev1 >=257.4
  license: LGPL-2.1-or-later
  size: 89551
  timestamp: 1748856210075
- conda: https://conda.anaconda.org/conda-forge/osx-64/libusb-1.0.29-h2287256_0.conda
  sha256: b46c1c71d8be2d19615a10eaa997b3547848d1aee25a7e9486ad1ca8d61626a7
  md5: e5d5fd6235a259665d7652093dc7d6f1
  depends:
  - __osx >=10.13
  license: LGPL-2.1-or-later
  size: 85523
  timestamp: 1748856209535
- conda: https://conda.anaconda.org/conda-forge/win-64/libusb-1.0.29-h1839187_0.conda
  sha256: 9837f8e8de20b6c9c033561cd33b4554cd551b217e3b8d2862b353ed2c23d8b8
  md5: a656b2c367405cd24988cf67ff2675aa
  depends:
  - vc >=14.2,<15
  - vc14_runtime >=14.29.30139
  - ucrt >=10.0.20348.0
  - vc >=14.2,<15
  - vc14_runtime >=14.29.30139
  - ucrt >=10.0.20348.0
  license: LGPL-2.1-or-later
  size: 118204
  timestamp: 1748856290542
- conda: https://conda.anaconda.org/conda-forge/linux-64/libzlib-1.3.1-hb9d3cd8_2.conda
  sha256: d4bfe88d7cb447768e31650f06257995601f89076080e76df55e3112d4e47dc4
  md5: edb0dca6bc32e4f4789199455a1dbeb8
  depends:
  - __glibc >=2.17,<3.0.a0
  - libgcc >=13
  constrains:
  - zlib 1.3.1 *_2
  license: Zlib
  license_family: Other
  size: 60963
  timestamp: 1727963148474
- conda: https://conda.anaconda.org/conda-forge/osx-64/libzlib-1.3.1-hd23fc13_2.conda
  sha256: 8412f96504fc5993a63edf1e211d042a1fd5b1d51dedec755d2058948fcced09
  md5: 003a54a4e32b02f7355b50a837e699da
  depends:
  - __osx >=10.13
  constrains:
  - zlib 1.3.1 *_2
  license: Zlib
  license_family: Other
  size: 57133
  timestamp: 1727963183990
- conda: https://conda.anaconda.org/conda-forge/linux-64/ncurses-6.5-h2d0b736_3.conda
  sha256: 3fde293232fa3fca98635e1167de6b7c7fda83caf24b9d6c91ec9eefb4f4d586
  md5: 47e340acb35de30501a76c7c799c41d7
  depends:
  - __glibc >=2.17,<3.0.a0
  - libgcc >=13
  license: X11 AND BSD-3-Clause
  size: 891641
  timestamp: 1738195959188
- conda: https://conda.anaconda.org/conda-forge/osx-64/ncurses-6.5-h0622a9a_3.conda
  sha256: ea4a5d27ded18443749aefa49dc79f6356da8506d508b5296f60b8d51e0c4bd9
  md5: ced34dd9929f491ca6dab6a2927aff25
  depends:
  - __osx >=10.13
  license: X11 AND BSD-3-Clause
  size: 822259
  timestamp: 1738196181298
- conda: https://conda.anaconda.org/conda-forge/linux-64/openssl-1.1.1w-hd590300_0.conda
  sha256: 4fe19885c77f0758084feb54954bd1977dfeeab7134fba0a1d9c0cfff821d6bd
  md5: 301e70057a3bd399640bb16bbdf87995
  depends:
  - ca-certificates
  - libgcc-ng >=12
  license: OpenSSL
  license_family: Apache
  size: 1956010
  timestamp: 1694461292959
- conda: https://conda.anaconda.org/conda-forge/osx-64/openssl-1.1.1w-h8a1eda9_0.conda
  sha256: 58fd3b113c41202527f0bd6631887ff472cabfac67521f073fbf2bfc48e583b9
  md5: 83cdb687c0caa41dad9d4941afcdfd64
  depends:
  - ca-certificates
  license: OpenSSL
  license_family: Apache
  size: 1737034
  timestamp: 1694462007875
- conda: https://conda.anaconda.org/conda-forge/linux-64/python-3.6.15-hb7a2778_0_cpython.tar.bz2
  sha256: 439a34f8bfb5b7860eea8361fbff192420df66bf8f399edadb0049f3468d68de
  md5: 2263dbd2d8116aa8dd974602faabb1a2
  depends:
  - ld_impl_linux-64 >=2.34
  - libffi >=3.4.2,<3.5.0a0
  - libgcc-ng >=9.4.0
  - libnsl >=2.0.0,<2.1.0a0
  - libstdcxx-ng >=9.4.0
  - libzlib >=1.2.11,<2.0.0a0
  - ncurses >=6.2,<7.0.0a0
  - openssl >=1.1.1l,<1.1.2a
  - readline >=8.1,<9.0a0
  - sqlite >=3.37.0,<4.0a0
  - tk >=8.6.11,<8.7.0a0
  - xz >=5.2.5,<6.0.0a0
  constrains:
  - python_abi 3.6.* *_cp36m
  license: Python-2.0
  size: 40217344
  timestamp: 1638557695596
- conda: https://conda.anaconda.org/conda-forge/osx-64/python-3.6.15-haf480d7_0_cpython.tar.bz2
  sha256: 129adddf558c58b5e107edd3240f9e9369b881c5f807a00d9129815ca88cf688
  md5: 35839e565826f7397f0892f4e0045027
  depends:
  - libcxx >=11.1.0
  - libffi >=3.4.2,<3.5.0a0
  - libzlib >=1.2.11,<2.0.0a0
  - ncurses >=6.2,<7.0.0a0
  - openssl >=1.1.1l,<1.1.2a
  - readline >=8.1,<9.0a0
  - sqlite >=3.37.0,<4.0a0
  - tk >=8.6.11,<8.7.0a0
  - xz >=5.2.5,<6.0.0a0
  constrains:
  - python_abi 3.6.* *_cp36m
  license: Python-2.0
  size: 21629039
  timestamp: 1638557749342
- conda: https://conda.anaconda.org/conda-forge/win-64/python-3.6.15-h39d44d4_0_cpython.tar.bz2
  sha256: cbc1e59d84c36308ff59a03813138fdea915177fee945108673c7b680be97948
  md5: 5e15cafa8ab460418b3b68080cba5b32
  depends:
  - vc >=14.1,<15.0a0
  - vs2015_runtime >=14.16.27012
  constrains:
  - python_abi 3.6.* *_cp36m
  license: Python-2.0
  size: 19846283
  timestamp: 1638556352475
- conda: https://conda.anaconda.org/conda-forge/linux-64/python_abi-3.6-2_cp36m.tar.bz2
  build_number: 2
  sha256: 0572137e715cfc699fc5a771ae81ae797b271a3fc4ca02fdcaff634fe2a03789
  md5: 6f5b92d833a339da29ad8578c2a648ad
  depends:
  - python 3.6.*
  constrains:
  - pypy <0a0
  license: BSD-3-Clause
  license_family: BSD
  size: 4011
  timestamp: 1624472037720
- conda: https://conda.anaconda.org/conda-forge/osx-64/python_abi-3.6-2_cp36m.tar.bz2
  build_number: 2
  sha256: 8c7684aeeb3f00cebc6807eafc5a40d72cff61967a91a727f8569ba863c421ca
  md5: 8bda098622b6c1548318108301221303
  depends:
  - python 3.6.*
  constrains:
  - pypy <0a0
  license: BSD-3-Clause
  license_family: BSD
  size: 4028
  timestamp: 1624472078323
- conda: https://conda.anaconda.org/conda-forge/win-64/python_abi-3.6-2_cp36m.tar.bz2
  build_number: 2
  sha256: 232996686dfdc9c80f34420caa4c35bf0343a8aa1101a81107aad662a3787b16
  md5: 7d5091713ab031f827e4d3653b24fb01
  depends:
  - python 3.6.*
  constrains:
  - pypy <0a0
  license: BSD-3-Clause
  license_family: BSD
  size: 4516
  timestamp: 1624472388123
- conda: https://conda.anaconda.org/conda-forge/linux-64/readline-8.2-h8c095d6_2.conda
  sha256: 2d6d0c026902561ed77cd646b5021aef2d4db22e57a5b0178dfc669231e06d2c
  md5: 283b96675859b20a825f8fa30f311446
  depends:
  - libgcc >=13
  - ncurses >=6.5,<7.0a0
  license: GPL-3.0-only
  license_family: GPL
  size: 282480
  timestamp: 1740379431762
- conda: https://conda.anaconda.org/conda-forge/osx-64/readline-8.2-h7cca4af_2.conda
  sha256: 53017e80453c4c1d97aaf78369040418dea14cf8f46a2fa999f31bd70b36c877
  md5: 342570f8e02f2f022147a7f841475784
  depends:
  - ncurses >=6.5,<7.0a0
  license: GPL-3.0-only
  license_family: GPL
  size: 256712
  timestamp: 1740379577668
- conda: https://conda.anaconda.org/conda-forge/linux-64/sqlite-3.50.4-hbc0de68_0.conda
  sha256: ea12e0714d70a536abe5968df612c57a966aa93c5a152cc4a1974046248d72a4
  md5: 8376bd3854542be0c8c7cd07525d31c6
  depends:
  - __glibc >=2.17,<3.0.a0
  - libgcc >=14
  - libsqlite 3.50.4 h0c1763c_0
  - libzlib >=1.3.1,<2.0a0
  - ncurses >=6.5,<7.0a0
  - readline >=8.2,<9.0a0
  license: blessing
  size: 166233
  timestamp: 1753948493149
- conda: https://conda.anaconda.org/conda-forge/osx-64/sqlite-3.50.4-h64b5abc_0.conda
  sha256: d80b611bab9442aa6c745563e48a13781ef2abddb512892db899af344cf970de
  md5: 86f1188b2d041e950810593c2df753ec
  depends:
  - __osx >=10.13
  - libsqlite 3.50.4 h39a8b3b_0
  - libzlib >=1.3.1,<2.0a0
  - ncurses >=6.5,<7.0a0
  - readline >=8.2,<9.0a0
  license: blessing
  size: 158188
  timestamp: 1753948575496
- conda: https://conda.anaconda.org/conda-forge/linux-64/tk-8.6.13-noxft_hd72426e_102.conda
  sha256: a84ff687119e6d8752346d1d408d5cf360dee0badd487a472aa8ddedfdc219e1
  md5: a0116df4f4ed05c303811a837d5b39d8
  depends:
  - __glibc >=2.17,<3.0.a0
  - libgcc >=13
  - libzlib >=1.3.1,<2.0a0
  license: TCL
  license_family: BSD
  size: 3285204
  timestamp: 1748387766691
- conda: https://conda.anaconda.org/conda-forge/osx-64/tk-8.6.13-hf689a15_2.conda
  sha256: b24468006a96b71a5f4372205ea7ec4b399b0f2a543541e86f883de54cd623fc
  md5: 9864891a6946c2fe037c02fca7392ab4
  depends:
  - __osx >=10.13
  - libzlib >=1.3.1,<2.0a0
  license: TCL
  license_family: BSD
  size: 3259809
  timestamp: 1748387843735
- conda: https://conda.anaconda.org/conda-forge/win-64/ucrt-10.0.22621.0-h57928b3_1.conda
  sha256: db8dead3dd30fb1a032737554ce91e2819b43496a0db09927edf01c32b577450
  md5: 6797b005cd0f439c4c5c9ac565783700
  constrains:
  - vs2015_runtime >=14.29.30037
  license: LicenseRef-MicrosoftWindowsSDK10
  size: 559710
  timestamp: 1728377334097
- conda: https://conda.anaconda.org/conda-forge/win-64/vc-14.3-h41ae7f8_31.conda
  sha256: cb357591d069a1e6cb74199a8a43a7e3611f72a6caed9faa49dbb3d7a0a98e0b
  md5: 28f4ca1e0337d0f27afb8602663c5723
  depends:
  - vc14_runtime >=14.44.35208
  track_features:
  - vc14
  license: BSD-3-Clause
  license_family: BSD
  size: 18249
  timestamp: 1753739241465
- conda: https://conda.anaconda.org/conda-forge/win-64/vc14_runtime-14.44.35208-h818238b_31.conda
  sha256: af4b4b354b87a9a8d05b8064ff1ea0b47083274f7c30b4eb96bc2312c9b5f08f
  md5: 603e41da40a765fd47995faa021da946
  depends:
  - ucrt >=10.0.20348.0
  - vcomp14 14.44.35208 h818238b_31
  constrains:
  - vs2015_runtime 14.44.35208.* *_31
  license: LicenseRef-MicrosoftVisualCpp2015-2022Runtime
  license_family: Proprietary
  size: 682424
  timestamp: 1753739239305
- conda: https://conda.anaconda.org/conda-forge/win-64/vcomp14-14.44.35208-h818238b_31.conda
  sha256: 67b317b64f47635415776718d25170a9a6f9a1218c0f5a6202bfd687e07b6ea4
  md5: a6b1d5c1fc3cb89f88f7179ee6a9afe3
  depends:
  - ucrt >=10.0.20348.0
  constrains:
  - vs2015_runtime 14.44.35208.* *_31
  license: LicenseRef-MicrosoftVisualCpp2015-2022Runtime
  license_family: Proprietary
  size: 113963
  timestamp: 1753739198723
- conda: https://conda.anaconda.org/conda-forge/win-64/vs2015_runtime-14.44.35208-h38c0c73_31.conda
  sha256: 8b20152d00e1153ccb1ed377a160110482f286a6d85a82b57ffcd60517d523a7
  md5: d75abcfbc522ccd98082a8c603fce34c
  depends:
  - vc14_runtime >=14.44.35208
  license: BSD-3-Clause
  license_family: BSD
  size: 18249
  timestamp: 1753739241918
- conda: https://conda.anaconda.org/conda-forge/linux-64/xz-5.8.1-hbcc6ac9_2.conda
  sha256: 802725371682ea06053971db5b4fb7fbbcaee9cb1804ec688f55e51d74660617
  md5: 68eae977d7d1196d32b636a026dc015d
  depends:
  - __glibc >=2.17,<3.0.a0
  - libgcc >=13
  - liblzma 5.8.1 hb9d3cd8_2
  - liblzma-devel 5.8.1 hb9d3cd8_2
  - xz-gpl-tools 5.8.1 hbcc6ac9_2
  - xz-tools 5.8.1 hb9d3cd8_2
  license: 0BSD AND LGPL-2.1-or-later AND GPL-2.0-or-later
  size: 23987
  timestamp: 1749230104359
- conda: https://conda.anaconda.org/conda-forge/osx-64/xz-5.8.1-h357f2ed_2.conda
  sha256: 89248de6c9417522b6fec011dc26b81c25af731a31ba91e668f72f1b9aab05d7
  md5: 7eee908c7df8478c1f35b28efa2e42b1
  depends:
  - __osx >=10.13
  - liblzma 5.8.1 hd471939_2
  - liblzma-devel 5.8.1 hd471939_2
  - xz-gpl-tools 5.8.1 h357f2ed_2
  - xz-tools 5.8.1 hd471939_2
  license: 0BSD AND LGPL-2.1-or-later AND GPL-2.0-or-later
  size: 24033
  timestamp: 1749230223096
- conda: https://conda.anaconda.org/conda-forge/linux-64/xz-gpl-tools-5.8.1-hbcc6ac9_2.conda
  sha256: 840838dca829ec53f1160f3fca6dbfc43f2388b85f15d3e867e69109b168b87b
  md5: bf627c16aa26231720af037a2709ab09
  depends:
  - __glibc >=2.17,<3.0.a0
  - libgcc >=13
  - liblzma 5.8.1 hb9d3cd8_2
  constrains:
  - xz 5.8.1.*
  license: 0BSD AND LGPL-2.1-or-later AND GPL-2.0-or-later
  size: 33911
  timestamp: 1749230090353
- conda: https://conda.anaconda.org/conda-forge/osx-64/xz-gpl-tools-5.8.1-h357f2ed_2.conda
  sha256: 5cdadfff31de7f50d1b2f919dd80697c0a08d90f8d6fb89f00c93751ec135c3c
  md5: d4044359fad6af47224e9ef483118378
  depends:
  - __osx >=10.13
  - liblzma 5.8.1 hd471939_2
  constrains:
  - xz 5.8.1.*
  license: 0BSD AND LGPL-2.1-or-later AND GPL-2.0-or-later
  size: 33890
  timestamp: 1749230206830
- conda: https://conda.anaconda.org/conda-forge/linux-64/xz-tools-5.8.1-hb9d3cd8_2.conda
  sha256: 58034f3fca491075c14e61568ad8b25de00cb3ae479de3e69be6d7ee5d3ace28
  md5: 1bad2995c8f1c8075c6c331bf96e46fb
  depends:
  - __glibc >=2.17,<3.0.a0
  - libgcc >=13
  - liblzma 5.8.1 hb9d3cd8_2
  constrains:
  - xz 5.8.1.*
  license: 0BSD AND LGPL-2.1-or-later
  size: 96433
  timestamp: 1749230076687
- conda: https://conda.anaconda.org/conda-forge/osx-64/xz-tools-5.8.1-hd471939_2.conda
  sha256: 3b1d8958f8dceaa4442100d5326b2ec9bcc2e8d7ee55345bf7101dc362fb9868
  md5: 349148960ad74aece88028f2b5c62c51
  depends:
  - __osx >=10.13
  - liblzma 5.8.1 hd471939_2
  constrains:
  - xz 5.8.1.*
  license: 0BSD AND LGPL-2.1-or-later
  size: 85777
  timestamp: 1749230191007
